
Microsoft Visual Studio Solution File, Format Version 12.00
# Visual Studio 15
Project("{FAE04EC0-301F-11D3-BF4B-00C04F79EFBC}") = "Assembly-CSharp-firstpass", "Assembly-CSharp-firstpass.csproj", "{DA54E02A-8666-CD21-FF32-C1F50B3B823F}"
EndProject
Project("{FAE04EC0-301F-11D3-BF4B-00C04F79EFBC}") = "Assembly-CSharp", "Assembly-CSharp.csproj", "{81CF5C17-0396-70C8-CDEC-61CD39A0907B}"
EndProject
Project("{FAE04EC0-301F-11D3-BF4B-00C04F79EFBC}") = "Assembly-CSharp-Editor-firstpass", "Assembly-CSharp-Editor-firstpass.csproj", "{2BC10869-7CD4-519F-5C85-AC8943D4031D}"
EndProject
Global
	GlobalSection(SolutionConfigurationPlatforms) = preSolution
		Debug|Any CPU = Debug|Any CPU
		Release|Any CPU = Release|Any CPU
	EndGlobalSection
	GlobalSection(ProjectConfigurationPlatforms) = postSolution
		{DA54E02A-8666-CD21-FF32-C1F50B3B823F}.Debug|Any CPU.ActiveCfg = Debug|Any CPU
		{DA54E02A-8666-CD21-FF32-C1F50B3B823F}.Debug|Any CPU.Build.0 = Debug|Any CPU
		{DA54E02A-8666-CD21-FF32-C1F50B3B823F}.Release|Any CPU.ActiveCfg = Release|Any CPU
		{DA54E02A-8666-CD21-FF32-C1F50B3B823F}.Release|Any CPU.Build.0 = Release|Any CPU
		{81CF5C17-0396-70C8-CDEC-61CD39A0907B}.Debug|Any CPU.ActiveCfg = Debug|Any CPU
		{81CF5C17-0396-70C8-CDEC-61CD39A0907B}.Debug|Any CPU.Build.0 = Debug|Any CPU
		{81CF5C17-0396-70C8-CDEC-61CD39A0907B}.Release|Any CPU.ActiveCfg = Release|Any CPU
		{81CF5C17-0396-70C8-CDEC-61CD39A0907B}.Release|Any CPU.Build.0 = Release|Any CPU
		{2BC10869-7CD4-519F-5C85-AC8943D4031D}.Debug|Any CPU.ActiveCfg = Debug|Any CPU
		{2BC10869-7CD4-519F-5C85-AC8943D4031D}.Debug|Any CPU.Build.0 = Debug|Any CPU
		{2BC10869-7CD4-519F-5C85-AC8943D4031D}.Release|Any CPU.ActiveCfg = Release|Any CPU
		{2BC10869-7CD4-519F-5C85-AC8943D4031D}.Release|Any CPU.Build.0 = Release|Any CPU
	EndGlobalSection
	GlobalSection(SolutionProperties) = preSolution
		HideSolutionNode = FALSE
	EndGlobalSection
EndGlobal
